
Microsoft Visual Studio Solution File, Format Version 12.00
# Visual Studio 15
VisualStudioVersion = 15.0.28307.106
MinimumVisualStudioVersion = 10.0.40219.1
Project("{FAE04EC0-301F-11D3-BF4B-00C04F79EFBC}") = "Servico_Email_Leandro", "Servico_Email_Leandro\Servico_Email_Leandro.csproj", "{8FBF5011-7EB2-4A82-A570-0769BAD3BC67}"
EndProject
Global
	GlobalSection(SolutionConfigurationPlatforms) = preSolution
		Debug|Any CPU = Debug|Any CPU
		Release|Any CPU = Release|Any CPU
	EndGlobalSection
	GlobalSection(ProjectConfigurationPlatforms) = postSolution
		{8FBF5011-7EB2-4A82-A570-0769BAD3BC67}.Debug|Any CPU.ActiveCfg = Debug|Any CPU
		{8FBF5011-7EB2-4A82-A570-0769BAD3BC67}.Debug|Any CPU.Build.0 = Debug|Any CPU
		{8FBF5011-7EB2-4A82-A570-0769BAD3BC67}.Release|Any CPU.ActiveCfg = Release|Any CPU
		{8FBF5011-7EB2-4A82-A570-0769BAD3BC67}.Release|Any CPU.Build.0 = Release|Any CPU
	EndGlobalSection
	GlobalSection(SolutionProperties) = preSolution
		HideSolutionNode = FALSE
	EndGlobalSection
	GlobalSection(ExtensibilityGlobals) = postSolution
		SolutionGuid = {2A59B98E-29B9-480A-8C57-AEE6F61C2F8F}
	EndGlobalSection
EndGlobal
